
Microsoft Visual Studio Solution File, Format Version 12.00
# Visual Studio Version 17
VisualStudioVersion = 17.4.33103.184
MinimumVisualStudioVersion = 10.0.40219.1
Project("{9A19103F-16F7-4668-BE54-9A1E7A4F7556}") = "Stargate", "Stargate.csproj", "{DC2FED4C-DA52-42A0-81FB-F76BE74E6A6A}"
EndProject
Global
	GlobalSection(SolutionConfigurationPlatforms) = preSolution
		Debug|Any CPU = Debug|Any CPU
		ExportDebug|Any CPU = ExportDebug|Any CPU
		ExportRelease|Any CPU = ExportRelease|Any CPU
		Release|Any CPU = Release|Any CPU
	EndGlobalSection
	GlobalSection(ProjectConfigurationPlatforms) = postSolution
		{DC2FED4C-DA52-42A0-81FB-F76BE74E6A6A}.Debug|Any CPU.ActiveCfg = Debug|Any CPU
		{DC2FED4C-DA52-42A0-81FB-F76BE74E6A6A}.Debug|Any CPU.Build.0 = Debug|Any CPU
		{DC2FED4C-DA52-42A0-81FB-F76BE74E6A6A}.ExportDebug|Any CPU.ActiveCfg = ExportDebug|Any CPU
		{DC2FED4C-DA52-42A0-81FB-F76BE74E6A6A}.ExportDebug|Any CPU.Build.0 = ExportDebug|Any CPU
		{DC2FED4C-DA52-42A0-81FB-F76BE74E6A6A}.ExportRelease|Any CPU.ActiveCfg = ExportRelease|Any CPU
		{DC2FED4C-DA52-42A0-81FB-F76BE74E6A6A}.ExportRelease|Any CPU.Build.0 = ExportRelease|Any CPU
		{DC2FED4C-DA52-42A0-81FB-F76BE74E6A6A}.Release|Any CPU.ActiveCfg = ExportRelease|Any CPU
		{DC2FED4C-DA52-42A0-81FB-F76BE74E6A6A}.Release|Any CPU.Build.0 = ExportRelease|Any CPU
	EndGlobalSection
	GlobalSection(SolutionProperties) = preSolution
		HideSolutionNode = FALSE
	EndGlobalSection
	GlobalSection(ExtensibilityGlobals) = postSolution
		SolutionGuid = {4D251242-59DA-4733-A8F4-6B28797D410C}
	EndGlobalSection
EndGlobal
